lockfileVersion: '9.0'

settings:
  autoInstallPeers: true
  excludeLinksFromLockfile: false

importers:
  .:
    dependencies: {}
    devDependencies: {}
  apps/web:
    dependencies:
      next:
        specifier: 15.0.0
        version: 15.0.0
      react:
        specifier: 18.3.1
        version: 18.3.1
      react-dom:
        specifier: 18.3.1
        version: 18.3.1
    devDependencies: {}

packages: {}
